
Microsoft Visual Studio Solution File, Format Version 12.00
# Visual Studio 2013
VisualStudioVersion = 12.0.30324.0
MinimumVisualStudioVersion = 10.0.40219.1
Project("{2150E333-8FDC-42A3-9474-1A3956D46DE8}") = "SharedApp", "SharedApp", "{3C70FF03-B9A0-4B4C-9ED4-A5D4E95BC1D4}"
EndProject
Project("{D954291E-2A0B-460D-934E-DC6B0785DB48}") = "HelloWorldUniversal.Shared", "HelloWorldUniversal\HelloWorldUniversal.Shared\HelloWorldUniversal.Shared.shproj", "{CAAC34E6-EF39-410C-BA91-7BA8E5FB0F98}"
EndProject
Project("{262852C6-CD72-467D-83FE-5EEB1973A190}") = "HelloWorldUniversal.Windows", "HelloWorldUniversal\HelloWorldUniversal.Windows\HelloWorldUniversal.Windows.jsproj", "{8363EBA0-11A7-4867-9D5D-C502DDF0E079}"
EndProject
Project("{262852C6-CD72-467D-83FE-5EEB1973A190}") = "HelloWorldUniversal.WindowsPhone", "HelloWorldUniversal\HelloWorldUniversal.WindowsPhone\HelloWorldUniversal.WindowsPhone.jsproj", "{8F3BF7C5-0AED-47E3-BE9D-FF906BAD6837}"
EndProject
Global
	GlobalSection(SharedMSBuildProjectFiles) = preSolution
		HelloWorldUniversal\HelloWorldUniversal.Shared\HelloWorldUniversal.Shared.projitems*{8363eba0-11a7-4867-9d5d-c502ddf0e079}*SharedItemsImports = 5
		HelloWorldUniversal\HelloWorldUniversal.Shared\HelloWorldUniversal.Shared.projitems*{caac34e6-ef39-410c-ba91-7ba8e5fb0f98}*SharedItemsImports = 13
		HelloWorldUniversal\HelloWorldUniversal.Shared\HelloWorldUniversal.Shared.projitems*{8f3bf7c5-0aed-47e3-be9d-ff906bad6837}*SharedItemsImports = 5
	EndGlobalSection
	GlobalSection(SolutionConfigurationPlatforms) = preSolution
		Debug|Any CPU = Debug|Any CPU
		Debug|ARM = Debug|ARM
		Debug|x64 = Debug|x64
		Debug|x86 = Debug|x86
		Release|Any CPU = Release|Any CPU
		Release|ARM = Release|ARM
		Release|x64 = Release|x64
		Release|x86 = Release|x86
	EndGlobalSection
	GlobalSection(ProjectConfigurationPlatforms) = postSolution
		{8363EBA0-11A7-4867-9D5D-C502DDF0E079}.Debug|Any CPU.ActiveCfg = Debug|Any CPU
		{8363EBA0-11A7-4867-9D5D-C502DDF0E079}.Debug|Any CPU.Build.0 = Debug|Any CPU
		{8363EBA0-11A7-4867-9D5D-C502DDF0E079}.Debug|Any CPU.Deploy.0 = Debug|Any CPU
		{8363EBA0-11A7-4867-9D5D-C502DDF0E079}.Debug|ARM.ActiveCfg = Debug|ARM
		{8363EBA0-11A7-4867-9D5D-C502DDF0E079}.Debug|ARM.Build.0 = Debug|ARM
		{8363EBA0-11A7-4867-9D5D-C502DDF0E079}.Debug|ARM.Deploy.0 = Debug|ARM
		{8363EBA0-11A7-4867-9D5D-C502DDF0E079}.Debug|x64.ActiveCfg = Debug|x64
		{8363EBA0-11A7-4867-9D5D-C502DDF0E079}.Debug|x64.Build.0 = Debug|x64
		{8363EBA0-11A7-4867-9D5D-C502DDF0E079}.Debug|x64.Deploy.0 = Debug|x64
		{8363EBA0-11A7-4867-9D5D-C502DDF0E079}.Debug|x86.ActiveCfg = Debug|x86
		{8363EBA0-11A7-4867-9D5D-C502DDF0E079}.Debug|x86.Build.0 = Debug|x86
		{8363EBA0-11A7-4867-9D5D-C502DDF0E079}.Debug|x86.Deploy.0 = Debug|x86
		{8363EBA0-11A7-4867-9D5D-C502DDF0E079}.Release|Any CPU.ActiveCfg = Release|Any CPU
		{8363EBA0-11A7-4867-9D5D-C502DDF0E079}.Release|Any CPU.Build.0 = Release|Any CPU
		{8363EBA0-11A7-4867-9D5D-C502DDF0E079}.Release|Any CPU.Deploy.0 = Release|Any CPU
		{8363EBA0-11A7-4867-9D5D-C502DDF0E079}.Release|ARM.ActiveCfg = Release|ARM
		{8363EBA0-11A7-4867-9D5D-C502DDF0E079}.Release|ARM.Build.0 = Release|ARM
		{8363EBA0-11A7-4867-9D5D-C502DDF0E079}.Release|ARM.Deploy.0 = Release|ARM
		{8363EBA0-11A7-4867-9D5D-C502DDF0E079}.Release|x64.ActiveCfg = Release|x64
		{8363EBA0-11A7-4867-9D5D-C502DDF0E079}.Release|x64.Build.0 = Release|x64
		{8363EBA0-11A7-4867-9D5D-C502DDF0E079}.Release|x64.Deploy.0 = Release|x64
		{8363EBA0-11A7-4867-9D5D-C502DDF0E079}.Release|x86.ActiveCfg = Release|x86
		{8363EBA0-11A7-4867-9D5D-C502DDF0E079}.Release|x86.Build.0 = Release|x86
		{8363EBA0-11A7-4867-9D5D-C502DDF0E079}.Release|x86.Deploy.0 = Release|x86
		{8F3BF7C5-0AED-47E3-BE9D-FF906BAD6837}.Debug|Any CPU.ActiveCfg = Debug|Any CPU
		{8F3BF7C5-0AED-47E3-BE9D-FF906BAD6837}.Debug|Any CPU.Build.0 = Debug|Any CPU
		{8F3BF7C5-0AED-47E3-BE9D-FF906BAD6837}.Debug|Any CPU.Deploy.0 = Debug|Any CPU
		{8F3BF7C5-0AED-47E3-BE9D-FF906BAD6837}.Debug|ARM.ActiveCfg = Debug|ARM
		{8F3BF7C5-0AED-47E3-BE9D-FF906BAD6837}.Debug|ARM.Build.0 = Debug|ARM
		{8F3BF7C5-0AED-47E3-BE9D-FF906BAD6837}.Debug|ARM.Deploy.0 = Debug|ARM
		{8F3BF7C5-0AED-47E3-BE9D-FF906BAD6837}.Debug|x64.ActiveCfg = Debug|Any CPU
		{8F3BF7C5-0AED-47E3-BE9D-FF906BAD6837}.Debug|x86.ActiveCfg = Debug|x86
		{8F3BF7C5-0AED-47E3-BE9D-FF906BAD6837}.Debug|x86.Build.0 = Debug|x86
		{8F3BF7C5-0AED-47E3-BE9D-FF906BAD6837}.Debug|x86.Deploy.0 = Debug|x86
		{8F3BF7C5-0AED-47E3-BE9D-FF906BAD6837}.Release|Any CPU.ActiveCfg = Release|Any CPU
		{8F3BF7C5-0AED-47E3-BE9D-FF906BAD6837}.Release|Any CPU.Build.0 = Release|Any CPU
		{8F3BF7C5-0AED-47E3-BE9D-FF906BAD6837}.Release|Any CPU.Deploy.0 = Release|Any CPU
		{8F3BF7C5-0AED-47E3-BE9D-FF906BAD6837}.Release|ARM.ActiveCfg = Release|ARM
		{8F3BF7C5-0AED-47E3-BE9D-FF906BAD6837}.Release|ARM.Build.0 = Release|ARM
		{8F3BF7C5-0AED-47E3-BE9D-FF906BAD6837}.Release|ARM.Deploy.0 = Release|ARM
		{8F3BF7C5-0AED-47E3-BE9D-FF906BAD6837}.Release|x64.ActiveCfg = Release|Any CPU
		{8F3BF7C5-0AED-47E3-BE9D-FF906BAD6837}.Release|x86.ActiveCfg = Release|x86
		{8F3BF7C5-0AED-47E3-BE9D-FF906BAD6837}.Release|x86.Build.0 = Release|x86
		{8F3BF7C5-0AED-47E3-BE9D-FF906BAD6837}.Release|x86.Deploy.0 = Release|x86
	EndGlobalSection
	GlobalSection(SolutionProperties) = preSolution
		HideSolutionNode = FALSE
	EndGlobalSection
	GlobalSection(NestedProjects) = preSolution
		{CAAC34E6-EF39-410C-BA91-7BA8E5FB0F98} = {3C70FF03-B9A0-4B4C-9ED4-A5D4E95BC1D4}
		{8363EBA0-11A7-4867-9D5D-C502DDF0E079} = {3C70FF03-B9A0-4B4C-9ED4-A5D4E95BC1D4}
		{8F3BF7C5-0AED-47E3-BE9D-FF906BAD6837} = {3C70FF03-B9A0-4B4C-9ED4-A5D4E95BC1D4}
	EndGlobalSection
EndGlobal
